{
  "name": "for-server-example",
  "version": "1.0.0",
  "lockfileVersion": 3,
  "requires": true,
  "packages": {
    "": {
      "version": "1.0.0",
      "license": "MIT",
      "dependencies": {
        "@utilitywarehouse/customer-tracking-for-server": "*"
      },
      "devDependencies": {
        "typescript": "^3.9.7"
      }
    },
    "node_modules/@utilitywarehouse/customer-tracking-core": {
      "version": "0.1.9-alpha.0",
      "resolved": "https://registry.npmjs.org/@utilitywarehouse/customer-tracking-core/-/customer-tracking-core-0.1.9-alpha.0.tgz",
      "integrity": "sha512-bhd/S5bzfb58/T8ThMJcOPSZBxpvyXogWMXBsDR1adqpHSumS5xRiEYZjuFd021wD8S3HvUzjwH80dScvufhjg=="
    },
    "node_modules/@utilitywarehouse/customer-tracking-for-server": {
      "version": "0.1.9-alpha.0",
      "resolved": "https://registry.npmjs.org/@utilitywarehouse/customer-tracking-for-server/-/customer-tracking-for-server-0.1.9-alpha.0.tgz",
      "integrity": "sha512-Xm6K/8swjz5DebB9234VZzg4R5RxWdpjBCGdMq7y6ff5IGEyaB1B6GHYvc8Lfac5quaDQ06SWxhkOdwlUfaeiQ==",
      "dependencies": {
        "@utilitywarehouse/customer-tracking-core": "^0.1.9-alpha.0",
        "@utilitywarehouse/customer-tracking-types": "^0.1.9-alpha.0",
        "mixpanel": "^0.11.0"
      }
    },
    "node_modules/@utilitywarehouse/customer-tracking-types": {
      "version": "0.1.9-alpha.0",
      "resolved": "https://registry.npmjs.org/@utilitywarehouse/customer-tracking-types/-/customer-tracking-types-0.1.9-alpha.0.tgz",
      "integrity": "sha512-tQlwVdCphVvW0znoFiuQbruLAoa4GptyHGCAoLC65HnvxiFRFa3R6S9Yi5avhXLKyKQcF9GfYNozHRDZylvmVw=="
    },
    "node_modules/agent-base": {
      "version": "4.3.0",
      "resolved": "https://registry.npmjs.org/agent-base/-/agent-base-4.3.0.tgz",
      "integrity": "sha512-salcGninV0nPrwpGNn4VTXBb1SOuXQBiqbrNXoeizJsHrsL6ERFM2Ne3JUSBWRE6aeNJI2ROP/WEEIDUiDe3cg==",
      "dependencies": {
        "es6-promisify": "^5.0.0"
      },
      "engines": {
        "node": ">= 4.0.0"
      }
    },
    "node_modules/debug": {
      "version": "3.2.7",
      "resolved": "https://registry.npmjs.org/debug/-/debug-3.2.7.tgz",
      "integrity": "sha512-CFjzYYAi4ThfiQvizrFQevTTXHtnCqWfe7x1AhgEscTz6ZbLbfoLRLPugTQyBth6f8ZERVUSyWHFD/7Wu4t1XQ==",
      "license": "MIT",
      "dependencies": {
        "ms": "^2.1.1"
      }
    },
    "node_modules/es6-promise": {
      "version": "4.2.8",
      "resolved": "https://registry.npmjs.org/es6-promise/-/es6-promise-4.2.8.tgz",
      "integrity": "sha512-HJDGx5daxeIvxdBxvG2cb9g4tEvwIk3i8+nhX0yGrYmZUzbkdg8QbDevheDB8gd0//uPj4c1EQua8Q+MViT0/w=="
    },
    "node_modules/es6-promisify": {
      "version": "5.0.0",
      "resolved": "https://registry.npmjs.org/es6-promisify/-/es6-promisify-5.0.0.tgz",
      "integrity": "sha1-UQnWLz5W6pZ8S2NQWu8IKRyKUgM=",
      "dependencies": {
        "es6-promise": "^4.0.3"
      }
    },
    "node_modules/https-proxy-agent": {
      "version": "3.0.0",
      "resolved": "https://registry.npmjs.org/https-proxy-agent/-/https-proxy-agent-3.0.0.tgz",
      "integrity": "sha512-y4jAxNEihqvBI5F3SaO2rtsjIOnnNA8sEbuiP+UhJZJHeM2NRm6c09ax2tgqme+SgUUvjao2fJXF4h3D6Cb2HQ==",
      "dependencies": {
        "agent-base": "^4.3.0",
        "debug": "^3.1.0"
      },
      "engines": {
        "node": ">= 4.5.0"
      }
    },
    "node_modules/mixpanel": {
      "version": "0.11.0",
      "resolved": "https://registry.npmjs.org/mixpanel/-/mixpanel-0.11.0.tgz",
      "integrity": "sha512-TS7AkCmfC+vGshlCOjEcITFoFxlt5fdSEqmN+d+pTXAhE5v+jPQW2uUcn9W+Oq4NVXz+kdskU09dsm9vmNl0ig==",
      "dependencies": {
        "https-proxy-agent": "3.0.0"
      },
      "engines": {
        "node": ">=8.9"
      }
    },
    "node_modules/ms": {
      "version": "2.1.2",
      "resolved": "https://registry.npmjs.org/ms/-/ms-2.1.2.tgz",
      "integrity": "sha512-sGkPx+VjMtmA6MX27oA4FBFELFCZZ4S4XqeGOXCv68tT+jb3vk/RyaKWP0PTKyWtmLSM0b+adUTEvbs1PEaH2w=="
    },
    "node_modules/typescript": {
      "version": "3.9.7",
      "resolved": "https://registry.npmjs.org/typescript/-/typescript-3.9.7.tgz",
      "integrity": "sha512-BLbiRkiBzAwsjut4x/dsibSTB6yWpwT5qWmC2OfuCg3GgVQCSgMs4vEctYPhsaGtd0AeuuHMkjZ2h2WG8MSzRw==",
      "dev": true,
      "bin": {
        "tsc": "bin/tsc",
        "tsserver": "bin/tsserver"
      },
      "engines": {
        "node": ">=4.2.0"
      }
    }
  }
}
